// !$*UTF8*$!
{
	archiveVersion = 1;
	classes = {
	};
	objectVersion = 50;
	objects = {

/* Begin PBXBuildFile section */
		189B873F26800A9C00B32E6A /* AppDelegate.swift in Sources */ = {isa = PBXBuildFile; fileRef = 189B873E26800A9C00B32E6A /* AppDelegate.swift */; };
		189B874126800A9C00B32E6A /* SceneDelegate.swift in Sources */ = {isa = PBXBuildFile; fileRef = 189B874026800A9C00B32E6A /* SceneDelegate.swift */; };
		189B874326800A9C00B32E6A /* ViewController.swift in Sources */ = {isa = PBXBuildFile; fileRef = 189B874226800A9C00B32E6A /* ViewController.swift */; };
		189B874826800A9E00B32E6A /* Assets.xcassets in Resources */ = {isa = PBXBuildFile; fileRef = 189B874726800A9E00B32E6A /* Assets.xcassets */; };
		189B874B26800A9E00B32E6A /* LaunchScreen.storyboard in Resources */ = {isa = PBXBuildFile; fileRef = 189B874926800A9E00B32E6A /* LaunchScreen.storyboard */; };
		6A41E93F4DC7A6192BBCCA83 /* Pods_Project04.framework in Frameworks */ = {isa = PBXBuildFile; fileRef = 6A74B8ACB34016E1EAF66282 /* Pods_Project04.framework */; };
/* End PBXBuildFile section */

/* Begin PBXFileReference section */
		189B873B26800A9C00B32E6A /* Project04.app */ = {isa = PBXFileReference; explicitFileType = wrapper.application; includeInIndex = 0; path = Project04.app; sourceTree = BUILT_PRODUCTS_DIR; };
		189B873E26800A9C00B32E6A /* AppDelegate.swift */ = {isa = PBXFileReference; lastKnownFileType = sourcecode.swift; path = AppDelegate.swift; sourceTree = "<group>"; };
		189B874026800A9C00B32E6A /* SceneDelegate.swift */ = {isa = PBXFileReference; lastKnownFileType = sourcecode.swift; path = SceneDelegate.swift; sourceTree = "<group>"; };
		189B874226800A9C00B32E6A /* ViewController.swift */ = {isa = PBXFileReference; lastKnownFileType = sourcecode.swift; path = ViewController.swift; sourceTree = "<group>"; };
		189B874726800A9E00B32E6A /* Assets.xcassets */ = {isa = PBXFileReference; lastKnownFileType = folder.assetcatalog; path = Assets.xcassets; sourceTree = "<group>"; };
		189B874A26800A9E00B32E6A /* Base */ = {isa = PBXFileReference; lastKnownFileType = file.storyboard; name = Base; path = Base.lproj/LaunchScreen.storyboard; sourceTree = "<group>"; };
		189B874C26800A9E00B32E6A /* Info.plist */ = {isa = PBXFileReference; lastKnownFileType = text.plist.xml; path = Info.plist; sourceTree = "<group>"; };
		1E84EDE69FB970EF8A7FC5C0 /* Pods-Project04.release.xcconfig */ = {isa = PBXFileReference; includeInIndex = 1; lastKnownFileType = text.xcconfig; name = "Pods-Project04.release.xcconfig"; path = "Target Support Files/Pods-Project04/Pods-Project04.release.xcconfig"; sourceTree = "<group>"; };
		50023E6A89BC42328D036CA5 /* Pods-Project04.debug.xcconfig */ = {isa = PBXFileReference; includeInIndex = 1; lastKnownFileType = text.xcconfig; name = "Pods-Project04.debug.xcconfig"; path = "Target Support Files/Pods-Project04/Pods-Project04.debug.xcconfig"; sourceTree = "<group>"; };
		6A74B8ACB34016E1EAF66282 /* Pods_Project04.framework */ = {isa = PBXFileReference; explicitFileType = wrapper.framework; includeInIndex = 0; path = Pods_Project04.framework; sourceTree = BUILT_PRODUCTS_DIR; };
/* End PBXFileReference section */

/* Begin PBXFrameworksBuildPhase section */
		189B873826800A9C00B32E6A /* Frameworks */ = {
			isa = PBXFrameworksBuildPhase;
			buildActionMask = 2147483647;
			files = (
				6A41E93F4DC7A6192BBCCA83 /* Pods_Project04.framework in Frameworks */,
			);
			runOnlyForDeploymentPostprocessing = 0;
		};
/* End PBXFrameworksBuildPhase section */

/* Begin PBXGroup section */
		01AFE726AB1C1D7973B7E266 /* Pods */ = {
			isa = PBXGroup;
			children = (
				50023E6A89BC42328D036CA5 /* Pods-Project04.debug.xcconfig */,
				1E84EDE69FB970EF8A7FC5C0 /* Pods-Project04.release.xcconfig */,
			);
			name = Pods;
			path = Pods;
			sourceTree = "<group>";
		};
		189B873226800A9C00B32E6A = {
			isa = PBXGroup;
			children = (
				189B873D26800A9C00B32E6A /* Project04 */,
				189B873C26800A9C00B32E6A /* Products */,
				01AFE726AB1C1D7973B7E266 /* Pods */,
				D2A0875370DB9BD90A830A41 /* Frameworks */,
			);
			sourceTree = "<group>";
		};
		189B873C26800A9C00B32E6A /* Products */ = {
			isa = PBXGroup;
			children = (
				189B873B26800A9C00B32E6A /* Project04.app */,
			);
			name = Products;
			sourceTree = "<group>";
		};
		189B873D26800A9C00B32E6A /* Project04 */ = {
			isa = PBXGroup;
			children = (
				189B873E26800A9C00B32E6A /* AppDelegate.swift */,
				189B874026800A9C00B32E6A /* SceneDelegate.swift */,
				189B874226800A9C00B32E6A /* ViewController.swift */,
				189B874726800A9E00B32E6A /* Assets.xcassets */,
				189B874926800A9E00B32E6A /* LaunchScreen.storyboard */,
				189B874C26800A9E00B32E6A /* Info.plist */,
			);
			path = Project04;
			sourceTree = "<group>";
		};
		D2A0875370DB9BD90A830A41 /* Frameworks */ = {
			isa = PBXGroup;
			children = (
				6A74B8ACB34016E1EAF66282 /* Pods_Project04.framework */,
			);
			name = Frameworks;
			sourceTree = "<group>";
		};
/* End PBXGroup section */

/* Begin PBXNativeTarget section */
		189B873A26800A9C00B32E6A /* Project04 */ = {
			isa = PBXNativeTarget;
			buildConfigurationList = 189B874F26800A9E00B32E6A /* Build configuration list for PBXNativeTarget "Project04" */;
			buildPhases = (
				9DCC7E1D0556452DE91CD7ED /* [CP] Check Pods Manifest.lock */,
				189B873726800A9C00B32E6A /* Sources */,
				189B873826800A9C00B32E6A /* Frameworks */,
				189B873926800A9C00B32E6A /* Resources */,
			);
			buildRules = (
			);
			dependencies = (
			);
			name = Project04;
			productName = Project04;
			productReference = 189B873B26800A9C00B32E6A /* Project04.app */;
			productType = "com.apple.product-type.application";
		};
/* End PBXNativeTarget section */

/* Begin PBXProject section */
		189B873326800A9C00B32E6A /* Project object */ = {
			isa = PBXProject;
			attributes = {
				LastSwiftUpdateCheck = 1250;
				LastUpgradeCheck = 1250;
				TargetAttributes = {
					189B873A26800A9C00B32E6A = {
						CreatedOnToolsVersion = 12.5;
					};
				};
			};
			buildConfigurationList = 189B873626800A9C00B32E6A /* Build configuration list for PBXProject "Project04" */;
			compatibilityVersion = "Xcode 9.3";
			developmentRegion = en;
			hasScannedForEncodings = 0;
			knownRegions = (
				en,
				Base,
			);
			mainGroup = 189B873226800A9C00B32E6A;
			productRefGroup = 189B873C26800A9C00B32E6A /* Products */;
			projectDirPath = "";
			projectRoot = "";
			targets = (
				189B873A26800A9C00B32E6A /* Project04 */,
			);
		};
/* End PBXProject section */

/* Begin PBXResourcesBuildPhase section */
		189B873926800A9C00B32E6A /* Resources */ = {
			isa = PBXResourcesBuildPhase;
			buildActionMask = 2147483647;
			files = (
				189B874B26800A9E00B32E6A /* LaunchScreen.storyboard in Resources */,
				189B874826800A9E00B32E6A /* Assets.xcassets in Resources */,
			);
			runOnlyForDeploymentPostprocessing = 0;
		};
/* End PBXResourcesBuildPhase section */

/* Begin PBXShellScriptBuildPhase section */
		9DCC7E1D0556452DE91CD7ED /* [CP] Check Pods Manifest.lock */ = {
			isa = PBXShellScriptBuildPhase;
			buildActionMask = 2147483647;
			files = (
			);
			inputFileListPaths = (
			);
			inputPaths = (
				"${PODS_PODFILE_DIR_PATH}/Podfile.lock",
				"${PODS_ROOT}/Manifest.lock",
			);
			name = "[CP] Check Pods Manifest.lock";
			outputFileListPaths = (
			);
			outputPaths = (
				"$(DERIVED_FILE_DIR)/Pods-Project04-checkManifestLockResult.txt",
			);
			runOnlyForDeploymentPostprocessing = 0;
			shellPath = /bin/sh;
			shellScript = "diff \"${PODS_PODFILE_DIR_PATH}/Podfile.lock\" \"${PODS_ROOT}/Manifest.lock\" > /dev/null\nif [ $? != 0 ] ; then\n    # print error to STDERR\n    echo \"error: The sandbox is not in sync with the Podfile.lock. Run 'pod install' or update your CocoaPods installation.\" >&2\n    exit 1\nfi\n# This output is used by Xcode 'outputs' to avoid re-running this script phase.\necho \"SUCCESS\" > \"${SCRIPT_OUTPUT_FILE_0}\"\n";
			showEnvVarsInLog = 0;
		};
/* End PBXShellScriptBuildPhase section */

/* Begin PBXSourcesBuildPhase section */
		189B873726800A9C00B32E6A /* Sources */ = {
			isa = PBXSourcesBuildPhase;
			buildActionMask = 2147483647;
			files = (
				189B874326800A9C00B32E6A /* ViewController.swift in Sources */,
				189B873F26800A9C00B32E6A /* AppDelegate.swift in Sources */,
				189B874126800A9C00B32E6A /* SceneDelegate.swift in Sources */,
			);
			runOnlyForDeploymentPostprocessing = 0;
		};
/* End PBXSourcesBuildPhase section */

/* Begin PBXVariantGroup section */
		189B874926800A9E00B32E6A /* LaunchScreen.storyboard */ = {
			isa = PBXVariantGroup;
			children = (
				189B874A26800A9E00B32E6A /* Base */,
			);
			name = LaunchScreen.storyboard;
			sourceTree = "<group>";
		};
/* End PBXVariantGroup section */

/* Begin XCBuildConfiguration section */
		189B874D26800A9E00B32E6A /* Debug */ = {
			isa = XCBuildConfiguration;
			buildSettings = {
				ALWAYS_SEARCH_USER_PATHS = NO;
				CLANG_ANALYZER_NONNULL = YES;
				CLANG_ANALYZER_NUMBER_OBJECT_CONVERSION = YES_AGGRESSIVE;
				CLANG_CXX_LANGUAGE_STANDARD = "gnu++14";
				CLANG_CXX_LIBRARY = "libc++";
				CLANG_ENABLE_MODULES = YES;
				CLANG_ENABLE_OBJC_ARC = YES;
				CLANG_ENABLE_OBJC_WEAK = YES;
				CLANG_WARN_BLOCK_CAPTURE_AUTORELEASING = YES;
				CLANG_WARN_BOOL_CONVERSION = YES;
				CLANG_WARN_COMMA = YES;
				CLANG_WARN_CONSTANT_CONVERSION = YES;
				CLANG_WARN_DEPRECATED_OBJC_IMPLEMENTATIONS = YES;
				CLANG_WARN_DIRECT_OBJC_ISA_USAGE = YES_ERROR;
				CLANG_WARN_DOCUMENTATION_COMMENTS = YES;
				CLANG_WARN_EMPTY_BODY = YES;
				CLANG_WARN_ENUM_CONVERSION = YES;
				CLANG_WARN_INFINITE_RECURSION = YES;
				CLANG_WARN_INT_CONVERSION = YES;
				CLANG_WARN_NON_LITERAL_NULL_CONVERSION = YES;
				CLANG_WARN_OBJC_IMPLICIT_RETAIN_SELF = YES;
				CLANG_WARN_OBJC_LITERAL_CONVERSION = YES;
				CLANG_WARN_OBJC_ROOT_CLASS = YES_ERROR;
				CLANG_WARN_QUOTED_INCLUDE_IN_FRAMEWORK_HEADER = YES;
				CLANG_WARN_RANGE_LOOP_ANALYSIS = YES;
				CLANG_WARN_STRICT_PROTOTYPES = YES;
				CLANG_WARN_SUSPICIOUS_MOVE = YES;
				CLANG_WARN_UNGUARDED_AVAILABILITY = YES_AGGRESSIVE;
				CLANG_WARN_UNREACHABLE_CODE = YES;
				CLANG_WARN__DUPLICATE_METHOD_MATCH = YES;
				COPY_PHASE_STRIP = NO;
				DEBUG_INFORMATION_FORMAT = dwarf;
				ENABLE_STRICT_OBJC_MSGSEND = YES;
				ENABLE_TESTABILITY = YES;
				GCC_C_LANGUAGE_STANDARD = gnu11;
				GCC_DYNAMIC_NO_PIC = NO;
				GCC_NO_COMMON_BLOCKS = YES;
				GCC_OPTIMIZATION_LEVEL = 0;
				GCC_PREPROCESSOR_DEFINITIONS = (
					"DEBUG=1",
					"$(inherited)",
				);
				GCC_WARN_64_TO_32_BIT_CONVERSION = YES;
				GCC_WARN_ABOUT_RETURN_TYPE = YES_ERROR;
				GCC_WARN_UNDECLARED_SELECTOR = YES;
				GCC_WARN_UNINITIALIZED_AUTOS = YES_AGGRESSIVE;
				GCC_WARN_UNUSED_FUNCTION = YES;
				GCC_WARN_UNUSED_VARIABLE = YES;
				IPHONEOS_DEPLOYMENT_TARGET = 14.5;
				MTL_ENABLE_DEBUG_INFO = INCLUDE_SOURCE;
				MTL_FAST_MATH = YES;
				ONLY_ACTIVE_ARCH = YES;
				SDKROOT = iphoneos;
				SWIFT_ACTIVE_COMPILATION_CONDITIONS = DEBUG;
				SWIFT_OPTIMIZATION_LEVEL = "-Onone";
			};
			name = Debug;
		};
		189B874E26800A9E00B32E6A /* Release */ = {
			isa = XCBuildConfiguration;
			buildSettings = {
				ALWAYS_SEARCH_USER_PATHS = NO;
				CLANG_ANALYZER_NONNULL = YES;
				CLANG_ANALYZER_NUMBER_OBJECT_CONVERSION = YES_AGGRESSIVE;
				CLANG_CXX_LANGUAGE_STANDARD = "gnu++14";
				CLANG_CXX_LIBRARY = "libc++";
				CLANG_ENABLE_MODULES = YES;
				CLANG_ENABLE_OBJC_ARC = YES;
				CLANG_ENABLE_OBJC_WEAK = YES;
				CLANG_WARN_BLOCK_CAPTURE_AUTORELEASING = YES;
				CLANG_WARN_BOOL_CONVERSION = YES;
				CLANG_WARN_COMMA = YES;
				CLANG_WARN_CONSTANT_CONVERSION = YES;
				CLANG_WARN_DEPRECATED_OBJC_IMPLEMENTATIONS = YES;
				CLANG_WARN_DIRECT_OBJC_ISA_USAGE = YES_ERROR;
				CLANG_WARN_DOCUMENTATION_COMMENTS = YES;
				CLANG_WARN_EMPTY_BODY = YES;
				CLANG_WARN_ENUM_CONVERSION = YES;
				CLANG_WARN_INFINITE_RECURSION = YES;
				CLANG_WARN_INT_CONVERSION = YES;
				CLANG_WARN_NON_LITERAL_NULL_CONVERSION = YES;
				CLANG_WARN_OBJC_IMPLICIT_RETAIN_SELF = YES;
				CLANG_WARN_OBJC_LITERAL_CONVERSION = YES;
				CLANG_WARN_OBJC_ROOT_CLASS = YES_ERROR;
				CLANG_WARN_QUOTED_INCLUDE_IN_FRAMEWORK_HEADER = YES;
				CLANG_WARN_RANGE_LOOP_ANALYSIS = YES;
				CLANG_WARN_STRICT_PROTOTYPES = YES;
				CLANG_WARN_SUSPICIOUS_MOVE = YES;
				CLANG_WARN_UNGUARDED_AVAILABILITY = YES_AGGRESSIVE;
				CLANG_WARN_UNREACHABLE_CODE = YES;
				CLANG_WARN__DUPLICATE_METHOD_MATCH = YES;
				COPY_PHASE_STRIP = NO;
				DEBUG_INFORMATION_FORMAT = "dwarf-with-dsym";
				ENABLE_NS_ASSERTIONS = NO;
				ENABLE_STRICT_OBJC_MSGSEND = YES;
				GCC_C_LANGUAGE_STANDARD = gnu11;
				GCC_NO_COMMON_BLOCKS = YES;
				GCC_WARN_64_TO_32_BIT_CONVERSION = YES;
				GCC_WARN_ABOUT_RETURN_TYPE = YES_ERROR;
				GCC_WARN_UNDECLARED_SELECTOR = YES;
				GCC_WARN_UNINITIALIZED_AUTOS = YES_AGGRESSIVE;
				GCC_WARN_UNUSED_FUNCTION = YES;
				GCC_WARN_UNUSED_VARIABLE = YES;
				IPHONEOS_DEPLOYMENT_TARGET = 14.5;
				MTL_ENABLE_DEBUG_INFO = NO;
				MTL_FAST_MATH = YES;
				SDKROOT = iphoneos;
				SWIFT_COMPILATION_MODE = wholemodule;
				SWIFT_OPTIMIZATION_LEVEL = "-O";
				VALIDATE_PRODUCT = YES;
			};
			name = Release;
		};
		189B875026800A9E00B32E6A /* Debug */ = {
			isa = XCBuildConfiguration;
			baseConfigurationReference = 50023E6A89BC42328D036CA5 /* Pods-Project04.debug.xcconfig */;
			buildSettings = {
				ASSETCATALOG_COMPILER_APPICON_NAME = AppIcon;
				ASSETCATALOG_COMPILER_GLOBAL_ACCENT_COLOR_NAME = AccentColor;
				CODE_SIGN_STYLE = Automatic;
				DEVELOPMENT_TEAM = BJFSMC5J9X;
				INFOPLIST_FILE = Project04/Info.plist;
				LD_RUNPATH_SEARCH_PATHS = (
					"$(inherited)",
					"@executable_path/Frameworks",
				);
				PRODUCT_BUNDLE_IDENTIFIER = br.com.thonatas.Project04;
				PRODUCT_NAME = "$(TARGET_NAME)";
				SWIFT_VERSION = 5.0;
				TARGETED_DEVICE_FAMILY = "1,2";
			};
			name = Debug;
		};
		189B875126800A9E00B32E6A /* Release */ = {
			isa = XCBuildConfiguration;
			baseConfigurationReference = 1E84EDE69FB970EF8A7FC5C0 /* Pods-Project04.release.xcconfig */;
			buildSettings = {
				ASSETCATALOG_COMPILER_APPICON_NAME = AppIcon;
				ASSETCATALOG_COMPILER_GLOBAL_ACCENT_COLOR_NAME = AccentColor;
				CODE_SIGN_STYLE = Automatic;
				DEVELOPMENT_TEAM = BJFSMC5J9X;
				INFOPLIST_FILE = Project04/Info.plist;
				LD_RUNPATH_SEARCH_PATHS = (
					"$(inherited)",
					"@executable_path/Frameworks",
				);
				PRODUCT_BUNDLE_IDENTIFIER = br.com.thonatas.Project04;
				PRODUCT_NAME = "$(TARGET_NAME)";
				SWIFT_VERSION = 5.0;
				TARGETED_DEVICE_FAMILY = "1,2";
			};
			name = Release;
		};
/* End XCBuildConfiguration section */

/* Begin XCConfigurationList section */
		189B873626800A9C00B32E6A /* Build configuration list for PBXProject "Project04" */ = {
			isa = XCConfigurationList;
			buildConfigurations = (
				189B874D26800A9E00B32E6A /* Debug */,
				189B874E26800A9E00B32E6A /* Release */,
			);
			defaultConfigurationIsVisible = 0;
			defaultConfigurationName = Release;
		};
		189B874F26800A9E00B32E6A /* Build configuration list for PBXNativeTarget "Project04" */ = {
			isa = XCConfigurationList;
			buildConfigurations = (
				189B875026800A9E00B32E6A /* Debug */,
				189B875126800A9E00B32E6A /* Release */,
			);
			defaultConfigurationIsVisible = 0;
			defaultConfigurationName = Release;
		};
/* End XCConfigurationList section */
	};
	rootObject = 189B873326800A9C00B32E6A /* Project object */;
}
