// !$*UTF8*$!
{
	archiveVersion = 1;
	classes = {
	};
	objectVersion = 51;
	objects = {

/* Begin PBXBuildFile section */
		1885F445268D564D0006E87E /* AppDelegate.swift in Sources */ = {isa = PBXBuildFile; fileRef = 1885F444268D564D0006E87E /* AppDelegate.swift */; };
		1885F447268D564D0006E87E /* SceneDelegate.swift in Sources */ = {isa = PBXBuildFile; fileRef = 1885F446268D564D0006E87E /* SceneDelegate.swift */; };
		1885F449268D564D0006E87E /* ViewController.swift in Sources */ = {isa = PBXBuildFile; fileRef = 1885F448268D564D0006E87E /* ViewController.swift */; };
		1885F44C268D564D0006E87E /* Main.storyboard in Resources */ = {isa = PBXBuildFile; fileRef = 1885F44A268D564D0006E87E /* Main.storyboard */; };
		1885F44E268D564F0006E87E /* Assets.xcassets in Resources */ = {isa = PBXBuildFile; fileRef = 1885F44D268D564F0006E87E /* Assets.xcassets */; };
		1885F451268D564F0006E87E /* LaunchScreen.storyboard in Resources */ = {isa = PBXBuildFile; fileRef = 1885F44F268D564F0006E87E /* LaunchScreen.storyboard */; };
		403005D396FE547BE2C42C64 /* Pods_Project06.framework in Frameworks */ = {isa = PBXBuildFile; fileRef = 2D40F43E4330EC39D4F34D20 /* Pods_Project06.framework */; };
/* End PBXBuildFile section */

/* Begin PBXFileReference section */
		08FDDF9D366E8C226188AB9C /* Pods-Project06.release.xcconfig */ = {isa = PBXFileReference; includeInIndex = 1; lastKnownFileType = text.xcconfig; name = "Pods-Project06.release.xcconfig"; path = "Target Support Files/Pods-Project06/Pods-Project06.release.xcconfig"; sourceTree = "<group>"; };
		1885F441268D564C0006E87E /* Project06.app */ = {isa = PBXFileReference; explicitFileType = wrapper.application; includeInIndex = 0; path = Project06.app; sourceTree = BUILT_PRODUCTS_DIR; };
		1885F444268D564D0006E87E /* AppDelegate.swift */ = {isa = PBXFileReference; lastKnownFileType = sourcecode.swift; path = AppDelegate.swift; sourceTree = "<group>"; };
		1885F446268D564D0006E87E /* SceneDelegate.swift */ = {isa = PBXFileReference; lastKnownFileType = sourcecode.swift; path = SceneDelegate.swift; sourceTree = "<group>"; };
		1885F448268D564D0006E87E /* ViewController.swift */ = {isa = PBXFileReference; lastKnownFileType = sourcecode.swift; path = ViewController.swift; sourceTree = "<group>"; };
		1885F44B268D564D0006E87E /* Base */ = {isa = PBXFileReference; lastKnownFileType = file.storyboard; name = Base; path = Base.lproj/Main.storyboard; sourceTree = "<group>"; };
		1885F44D268D564F0006E87E /* Assets.xcassets */ = {isa = PBXFileReference; lastKnownFileType = folder.assetcatalog; path = Assets.xcassets; sourceTree = "<group>"; };
		1885F450268D564F0006E87E /* Base */ = {isa = PBXFileReference; lastKnownFileType = file.storyboard; name = Base; path = Base.lproj/LaunchScreen.storyboard; sourceTree = "<group>"; };
		1885F452268D564F0006E87E /* Info.plist */ = {isa = PBXFileReference; lastKnownFileType = text.plist.xml; path = Info.plist; sourceTree = "<group>"; };
		2D40F43E4330EC39D4F34D20 /* Pods_Project06.framework */ = {isa = PBXFileReference; explicitFileType = wrapper.framework; includeInIndex = 0; path = Pods_Project06.framework; sourceTree = BUILT_PRODUCTS_DIR; };
		AA47C5537652FD5991423794 /* Pods-Project06.debug.xcconfig */ = {isa = PBXFileReference; includeInIndex = 1; lastKnownFileType = text.xcconfig; name = "Pods-Project06.debug.xcconfig"; path = "Target Support Files/Pods-Project06/Pods-Project06.debug.xcconfig"; sourceTree = "<group>"; };
/* End PBXFileReference section */

/* Begin PBXFrameworksBuildPhase section */
		1885F43E268D564C0006E87E /* Frameworks */ = {
			isa = PBXFrameworksBuildPhase;
			buildActionMask = 2147483647;
			files = (
				403005D396FE547BE2C42C64 /* Pods_Project06.framework in Frameworks */,
			);
			runOnlyForDeploymentPostprocessing = 0;
		};
/* End PBXFrameworksBuildPhase section */

/* Begin PBXGroup section */
		156911D49763C99E77F6CCB0 /* Pods */ = {
			isa = PBXGroup;
			children = (
				AA47C5537652FD5991423794 /* Pods-Project06.debug.xcconfig */,
				08FDDF9D366E8C226188AB9C /* Pods-Project06.release.xcconfig */,
			);
			path = Pods;
			sourceTree = "<group>";
		};
		1885F438268D564C0006E87E = {
			isa = PBXGroup;
			children = (
				1885F443268D564C0006E87E /* Project06 */,
				1885F442268D564C0006E87E /* Products */,
				156911D49763C99E77F6CCB0 /* Pods */,
				9192C7EFFFBA8A3463E5AE12 /* Frameworks */,
			);
			sourceTree = "<group>";
		};
		1885F442268D564C0006E87E /* Products */ = {
			isa = PBXGroup;
			children = (
				1885F441268D564C0006E87E /* Project06.app */,
			);
			name = Products;
			sourceTree = "<group>";
		};
		1885F443268D564C0006E87E /* Project06 */ = {
			isa = PBXGroup;
			children = (
				1885F444268D564D0006E87E /* AppDelegate.swift */,
				1885F446268D564D0006E87E /* SceneDelegate.swift */,
				1885F448268D564D0006E87E /* ViewController.swift */,
				1885F44A268D564D0006E87E /* Main.storyboard */,
				1885F44D268D564F0006E87E /* Assets.xcassets */,
				1885F44F268D564F0006E87E /* LaunchScreen.storyboard */,
				1885F452268D564F0006E87E /* Info.plist */,
			);
			path = Project06;
			sourceTree = "<group>";
		};
		9192C7EFFFBA8A3463E5AE12 /* Frameworks */ = {
			isa = PBXGroup;
			children = (
				2D40F43E4330EC39D4F34D20 /* Pods_Project06.framework */,
			);
			name = Frameworks;
			sourceTree = "<group>";
		};
/* End PBXGroup section */

/* Begin PBXNativeTarget section */
		1885F440268D564C0006E87E /* Project06 */ = {
			isa = PBXNativeTarget;
			buildConfigurationList = 1885F455268D564F0006E87E /* Build configuration list for PBXNativeTarget "Project06" */;
			buildPhases = (
				4C2DE9FE34CE6E3F3C9A986F /* [CP] Check Pods Manifest.lock */,
				1885F43D268D564C0006E87E /* Sources */,
				1885F43E268D564C0006E87E /* Frameworks */,
				1885F43F268D564C0006E87E /* Resources */,
				80757A455CF7212A250374B1 /* [CP] Embed Pods Frameworks */,
			);
			buildRules = (
			);
			dependencies = (
			);
			name = Project06;
			productName = Project06;
			productReference = 1885F441268D564C0006E87E /* Project06.app */;
			productType = "com.apple.product-type.application";
		};
/* End PBXNativeTarget section */

/* Begin PBXProject section */
		1885F439268D564C0006E87E /* Project object */ = {
			isa = PBXProject;
			attributes = {
				LastSwiftUpdateCheck = 1250;
				LastUpgradeCheck = 1250;
				TargetAttributes = {
					1885F440268D564C0006E87E = {
						CreatedOnToolsVersion = 12.5.1;
					};
				};
			};
			buildConfigurationList = 1885F43C268D564C0006E87E /* Build configuration list for PBXProject "Project06" */;
			compatibilityVersion = "Xcode 9.3";
			developmentRegion = en;
			hasScannedForEncodings = 0;
			knownRegions = (
				en,
				Base,
			);
			mainGroup = 1885F438268D564C0006E87E;
			productRefGroup = 1885F442268D564C0006E87E /* Products */;
			projectDirPath = "";
			projectRoot = "";
			targets = (
				1885F440268D564C0006E87E /* Project06 */,
			);
		};
/* End PBXProject section */

/* Begin PBXResourcesBuildPhase section */
		1885F43F268D564C0006E87E /* Resources */ = {
			isa = PBXResourcesBuildPhase;
			buildActionMask = 2147483647;
			files = (
				1885F451268D564F0006E87E /* LaunchScreen.storyboard in Resources */,
				1885F44E268D564F0006E87E /* Assets.xcassets in Resources */,
				1885F44C268D564D0006E87E /* Main.storyboard in Resources */,
			);
			runOnlyForDeploymentPostprocessing = 0;
		};
/* End PBXResourcesBuildPhase section */

/* Begin PBXShellScriptBuildPhase section */
		4C2DE9FE34CE6E3F3C9A986F /* [CP] Check Pods Manifest.lock */ = {
			isa = PBXShellScriptBuildPhase;
			buildActionMask = 2147483647;
			files = (
			);
			inputFileListPaths = (
			);
			inputPaths = (
				"${PODS_PODFILE_DIR_PATH}/Podfile.lock",
				"${PODS_ROOT}/Manifest.lock",
			);
			name = "[CP] Check Pods Manifest.lock";
			outputFileListPaths = (
			);
			outputPaths = (
				"$(DERIVED_FILE_DIR)/Pods-Project06-checkManifestLockResult.txt",
			);
			runOnlyForDeploymentPostprocessing = 0;
			shellPath = /bin/sh;
			shellScript = "diff \"${PODS_PODFILE_DIR_PATH}/Podfile.lock\" \"${PODS_ROOT}/Manifest.lock\" > /dev/null\nif [ $? != 0 ] ; then\n    # print error to STDERR\n    echo \"error: The sandbox is not in sync with the Podfile.lock. Run 'pod install' or update your CocoaPods installation.\" >&2\n    exit 1\nfi\n# This output is used by Xcode 'outputs' to avoid re-running this script phase.\necho \"SUCCESS\" > \"${SCRIPT_OUTPUT_FILE_0}\"\n";
			showEnvVarsInLog = 0;
		};
		80757A455CF7212A250374B1 /* [CP] Embed Pods Frameworks */ = {
			isa = PBXShellScriptBuildPhase;
			buildActionMask = 2147483647;
			files = (
			);
			inputFileListPaths = (
				"${PODS_ROOT}/Target Support Files/Pods-Project06/Pods-Project06-frameworks-${CONFIGURATION}-input-files.xcfilelist",
			);
			name = "[CP] Embed Pods Frameworks";
			outputFileListPaths = (
				"${PODS_ROOT}/Target Support Files/Pods-Project06/Pods-Project06-frameworks-${CONFIGURATION}-output-files.xcfilelist",
			);
			runOnlyForDeploymentPostprocessing = 0;
			shellPath = /bin/sh;
			shellScript = "\"${PODS_ROOT}/Target Support Files/Pods-Project06/Pods-Project06-frameworks.sh\"\n";
			showEnvVarsInLog = 0;
		};
/* End PBXShellScriptBuildPhase section */

/* Begin PBXSourcesBuildPhase section */
		1885F43D268D564C0006E87E /* Sources */ = {
			isa = PBXSourcesBuildPhase;
			buildActionMask = 2147483647;
			files = (
				1885F449268D564D0006E87E /* ViewController.swift in Sources */,
				1885F445268D564D0006E87E /* AppDelegate.swift in Sources */,
				1885F447268D564D0006E87E /* SceneDelegate.swift in Sources */,
			);
			runOnlyForDeploymentPostprocessing = 0;
		};
/* End PBXSourcesBuildPhase section */

/* Begin PBXVariantGroup section */
		1885F44A268D564D0006E87E /* Main.storyboard */ = {
			isa = PBXVariantGroup;
			children = (
				1885F44B268D564D0006E87E /* Base */,
			);
			name = Main.storyboard;
			sourceTree = "<group>";
		};
		1885F44F268D564F0006E87E /* LaunchScreen.storyboard */ = {
			isa = PBXVariantGroup;
			children = (
				1885F450268D564F0006E87E /* Base */,
			);
			name = LaunchScreen.storyboard;
			sourceTree = "<group>";
		};
/* End PBXVariantGroup section */

/* Begin XCBuildConfiguration section */
		1885F453268D564F0006E87E /* Debug */ = {
			isa = XCBuildConfiguration;
			buildSettings = {
				ALWAYS_SEARCH_USER_PATHS = NO;
				CLANG_ANALYZER_NONNULL = YES;
				CLANG_ANALYZER_NUMBER_OBJECT_CONVERSION = YES_AGGRESSIVE;
				CLANG_CXX_LANGUAGE_STANDARD = "gnu++14";
				CLANG_CXX_LIBRARY = "libc++";
				CLANG_ENABLE_MODULES = YES;
				CLANG_ENABLE_OBJC_ARC = YES;
				CLANG_ENABLE_OBJC_WEAK = YES;
				CLANG_WARN_BLOCK_CAPTURE_AUTORELEASING = YES;
				CLANG_WARN_BOOL_CONVERSION = YES;
				CLANG_WARN_COMMA = YES;
				CLANG_WARN_CONSTANT_CONVERSION = YES;
				CLANG_WARN_DEPRECATED_OBJC_IMPLEMENTATIONS = YES;
				CLANG_WARN_DIRECT_OBJC_ISA_USAGE = YES_ERROR;
				CLANG_WARN_DOCUMENTATION_COMMENTS = YES;
				CLANG_WARN_EMPTY_BODY = YES;
				CLANG_WARN_ENUM_CONVERSION = YES;
				CLANG_WARN_INFINITE_RECURSION = YES;
				CLANG_WARN_INT_CONVERSION = YES;
				CLANG_WARN_NON_LITERAL_NULL_CONVERSION = YES;
				CLANG_WARN_OBJC_IMPLICIT_RETAIN_SELF = YES;
				CLANG_WARN_OBJC_LITERAL_CONVERSION = YES;
				CLANG_WARN_OBJC_ROOT_CLASS = YES_ERROR;
				CLANG_WARN_QUOTED_INCLUDE_IN_FRAMEWORK_HEADER = YES;
				CLANG_WARN_RANGE_LOOP_ANALYSIS = YES;
				CLANG_WARN_STRICT_PROTOTYPES = YES;
				CLANG_WARN_SUSPICIOUS_MOVE = YES;
				CLANG_WARN_UNGUARDED_AVAILABILITY = YES_AGGRESSIVE;
				CLANG_WARN_UNREACHABLE_CODE = YES;
				CLANG_WARN__DUPLICATE_METHOD_MATCH = YES;
				COPY_PHASE_STRIP = NO;
				DEBUG_INFORMATION_FORMAT = dwarf;
				ENABLE_STRICT_OBJC_MSGSEND = YES;
				ENABLE_TESTABILITY = YES;
				GCC_C_LANGUAGE_STANDARD = gnu11;
				GCC_DYNAMIC_NO_PIC = NO;
				GCC_NO_COMMON_BLOCKS = YES;
				GCC_OPTIMIZATION_LEVEL = 0;
				GCC_PREPROCESSOR_DEFINITIONS = (
					"DEBUG=1",
					"$(inherited)",
				);
				GCC_WARN_64_TO_32_BIT_CONVERSION = YES;
				GCC_WARN_ABOUT_RETURN_TYPE = YES_ERROR;
				GCC_WARN_UNDECLARED_SELECTOR = YES;
				GCC_WARN_UNINITIALIZED_AUTOS = YES_AGGRESSIVE;
				GCC_WARN_UNUSED_FUNCTION = YES;
				GCC_WARN_UNUSED_VARIABLE = YES;
				IPHONEOS_DEPLOYMENT_TARGET = 14.5;
				MTL_ENABLE_DEBUG_INFO = INCLUDE_SOURCE;
				MTL_FAST_MATH = YES;
				ONLY_ACTIVE_ARCH = YES;
				SDKROOT = iphoneos;
				SWIFT_ACTIVE_COMPILATION_CONDITIONS = DEBUG;
				SWIFT_OPTIMIZATION_LEVEL = "-Onone";
			};
			name = Debug;
		};
		1885F454268D564F0006E87E /* Release */ = {
			isa = XCBuildConfiguration;
			buildSettings = {
				ALWAYS_SEARCH_USER_PATHS = NO;
				CLANG_ANALYZER_NONNULL = YES;
				CLANG_ANALYZER_NUMBER_OBJECT_CONVERSION = YES_AGGRESSIVE;
				CLANG_CXX_LANGUAGE_STANDARD = "gnu++14";
				CLANG_CXX_LIBRARY = "libc++";
				CLANG_ENABLE_MODULES = YES;
				CLANG_ENABLE_OBJC_ARC = YES;
				CLANG_ENABLE_OBJC_WEAK = YES;
				CLANG_WARN_BLOCK_CAPTURE_AUTORELEASING = YES;
				CLANG_WARN_BOOL_CONVERSION = YES;
				CLANG_WARN_COMMA = YES;
				CLANG_WARN_CONSTANT_CONVERSION = YES;
				CLANG_WARN_DEPRECATED_OBJC_IMPLEMENTATIONS = YES;
				CLANG_WARN_DIRECT_OBJC_ISA_USAGE = YES_ERROR;
				CLANG_WARN_DOCUMENTATION_COMMENTS = YES;
				CLANG_WARN_EMPTY_BODY = YES;
				CLANG_WARN_ENUM_CONVERSION = YES;
				CLANG_WARN_INFINITE_RECURSION = YES;
				CLANG_WARN_INT_CONVERSION = YES;
				CLANG_WARN_NON_LITERAL_NULL_CONVERSION = YES;
				CLANG_WARN_OBJC_IMPLICIT_RETAIN_SELF = YES;
				CLANG_WARN_OBJC_LITERAL_CONVERSION = YES;
				CLANG_WARN_OBJC_ROOT_CLASS = YES_ERROR;
				CLANG_WARN_QUOTED_INCLUDE_IN_FRAMEWORK_HEADER = YES;
				CLANG_WARN_RANGE_LOOP_ANALYSIS = YES;
				CLANG_WARN_STRICT_PROTOTYPES = YES;
				CLANG_WARN_SUSPICIOUS_MOVE = YES;
				CLANG_WARN_UNGUARDED_AVAILABILITY = YES_AGGRESSIVE;
				CLANG_WARN_UNREACHABLE_CODE = YES;
				CLANG_WARN__DUPLICATE_METHOD_MATCH = YES;
				COPY_PHASE_STRIP = NO;
				DEBUG_INFORMATION_FORMAT = "dwarf-with-dsym";
				ENABLE_NS_ASSERTIONS = NO;
				ENABLE_STRICT_OBJC_MSGSEND = YES;
				GCC_C_LANGUAGE_STANDARD = gnu11;
				GCC_NO_COMMON_BLOCKS = YES;
				GCC_WARN_64_TO_32_BIT_CONVERSION = YES;
				GCC_WARN_ABOUT_RETURN_TYPE = YES_ERROR;
				GCC_WARN_UNDECLARED_SELECTOR = YES;
				GCC_WARN_UNINITIALIZED_AUTOS = YES_AGGRESSIVE;
				GCC_WARN_UNUSED_FUNCTION = YES;
				GCC_WARN_UNUSED_VARIABLE = YES;
				IPHONEOS_DEPLOYMENT_TARGET = 14.5;
				MTL_ENABLE_DEBUG_INFO = NO;
				MTL_FAST_MATH = YES;
				SDKROOT = iphoneos;
				SWIFT_COMPILATION_MODE = wholemodule;
				SWIFT_OPTIMIZATION_LEVEL = "-O";
				VALIDATE_PRODUCT = YES;
			};
			name = Release;
		};
		1885F456268D564F0006E87E /* Debug */ = {
			isa = XCBuildConfiguration;
			baseConfigurationReference = AA47C5537652FD5991423794 /* Pods-Project06.debug.xcconfig */;
			buildSettings = {
				ASSETCATALOG_COMPILER_APPICON_NAME = AppIcon;
				ASSETCATALOG_COMPILER_GLOBAL_ACCENT_COLOR_NAME = AccentColor;
				CODE_SIGN_STYLE = Automatic;
				DEVELOPMENT_TEAM = BJFSMC5J9X;
				INFOPLIST_FILE = Project06/Info.plist;
				LD_RUNPATH_SEARCH_PATHS = (
					"$(inherited)",
					"@executable_path/Frameworks",
				);
				PRODUCT_BUNDLE_IDENTIFIER = br.com.thonatas.Project06;
				PRODUCT_NAME = "$(TARGET_NAME)";
				SWIFT_VERSION = 5.0;
				TARGETED_DEVICE_FAMILY = "1,2";
			};
			name = Debug;
		};
		1885F457268D564F0006E87E /* Release */ = {
			isa = XCBuildConfiguration;
			baseConfigurationReference = 08FDDF9D366E8C226188AB9C /* Pods-Project06.release.xcconfig */;
			buildSettings = {
				ASSETCATALOG_COMPILER_APPICON_NAME = AppIcon;
				ASSETCATALOG_COMPILER_GLOBAL_ACCENT_COLOR_NAME = AccentColor;
				CODE_SIGN_STYLE = Automatic;
				DEVELOPMENT_TEAM = BJFSMC5J9X;
				INFOPLIST_FILE = Project06/Info.plist;
				LD_RUNPATH_SEARCH_PATHS = (
					"$(inherited)",
					"@executable_path/Frameworks",
				);
				PRODUCT_BUNDLE_IDENTIFIER = br.com.thonatas.Project06;
				PRODUCT_NAME = "$(TARGET_NAME)";
				SWIFT_VERSION = 5.0;
				TARGETED_DEVICE_FAMILY = "1,2";
			};
			name = Release;
		};
/* End XCBuildConfiguration section */

/* Begin XCConfigurationList section */
		1885F43C268D564C0006E87E /* Build configuration list for PBXProject "Project06" */ = {
			isa = XCConfigurationList;
			buildConfigurations = (
				1885F453268D564F0006E87E /* Debug */,
				1885F454268D564F0006E87E /* Release */,
			);
			defaultConfigurationIsVisible = 0;
			defaultConfigurationName = Release;
		};
		1885F455268D564F0006E87E /* Build configuration list for PBXNativeTarget "Project06" */ = {
			isa = XCConfigurationList;
			buildConfigurations = (
				1885F456268D564F0006E87E /* Debug */,
				1885F457268D564F0006E87E /* Release */,
			);
			defaultConfigurationIsVisible = 0;
			defaultConfigurationName = Release;
		};
/* End XCConfigurationList section */
	};
	rootObject = 1885F439268D564C0006E87E /* Project object */;
}
